
Microsoft Visual Studio Solution File, Format Version 12.00
# Visual Studio Version 16
VisualStudioVersion = 16.0.32002.261
MinimumVisualStudioVersion = 10.0.40219.1
Project("{FAE04EC0-301F-11D3-BF4B-00C04F79EFBC}") = "Client", "Client\Client.csproj", "{4AA8584B-5651-4C93-B9DA-BC48E01E825B}"
EndProject
Global
	GlobalSection(SolutionConfigurationPlatforms) = preSolution
		Debug|Any CPU = Debug|Any CPU
		Release|Any CPU = Release|Any CPU
	EndGlobalSection
	GlobalSection(ProjectConfigurationPlatforms) = postSolution
		{4AA8584B-5651-4C93-B9DA-BC48E01E825B}.Debug|Any CPU.ActiveCfg = Debug|Any CPU
		{4AA8584B-5651-4C93-B9DA-BC48E01E825B}.Debug|Any CPU.Build.0 = Debug|Any CPU
		{4AA8584B-5651-4C93-B9DA-BC48E01E825B}.Release|Any CPU.ActiveCfg = Release|Any CPU
		{4AA8584B-5651-4C93-B9DA-BC48E01E825B}.Release|Any CPU.Build.0 = Release|Any CPU
	EndGlobalSection
	GlobalSection(SolutionProperties) = preSolution
		HideSolutionNode = FALSE
	EndGlobalSection
	GlobalSection(ExtensibilityGlobals) = postSolution
		SolutionGuid = {6864BD7F-FCA7-4402-9C58-F7D026FC90FF}
	EndGlobalSection
EndGlobal
